
Microsoft Visual Studio Solution File, Format Version 12.00
# Visual Studio Version 17
VisualStudioVersion = 17.4.33122.133
MinimumVisualStudioVersion = 10.0.40219.1
Project("{8BC9CEB8-8B4A-11D0-8D11-00A0C91BC942}") = "Operador", "Operador\Operador.vcxproj", "{2B5DA201-B8ED-413E-B64F-08C387FC566E}"
EndProject
Global
	GlobalSection(SolutionConfigurationPlatforms) = preSolution
		Debug|x64 = Debug|x64
		Debug|x86 = Debug|x86
		Release|x64 = Release|x64
		Release|x86 = Release|x86
	EndGlobalSection
	GlobalSection(ProjectConfigurationPlatforms) = postSolution
		{2B5DA201-B8ED-413E-B64F-08C387FC566E}.Debug|x64.ActiveCfg = Debug|x64
		{2B5DA201-B8ED-413E-B64F-08C387FC566E}.Debug|x64.Build.0 = Debug|x64
		{2B5DA201-B8ED-413E-B64F-08C387FC566E}.Debug|x86.ActiveCfg = Debug|Win32
		{2B5DA201-B8ED-413E-B64F-08C387FC566E}.Debug|x86.Build.0 = Debug|Win32
		{2B5DA201-B8ED-413E-B64F-08C387FC566E}.Release|x64.ActiveCfg = Release|x64
		{2B5DA201-B8ED-413E-B64F-08C387FC566E}.Release|x64.Build.0 = Release|x64
		{2B5DA201-B8ED-413E-B64F-08C387FC566E}.Release|x86.ActiveCfg = Release|Win32
		{2B5DA201-B8ED-413E-B64F-08C387FC566E}.Release|x86.Build.0 = Release|Win32
	EndGlobalSection
	GlobalSection(SolutionProperties) = preSolution
		HideSolutionNode = FALSE
	EndGlobalSection
	GlobalSection(ExtensibilityGlobals) = postSolution
		SolutionGuid = {80ED248A-D3CC-4358-BF47-B94D9A73DE65}
	EndGlobalSection
EndGlobal
